
Microsoft Visual Studio Solution File, Format Version 12.00
# Visual Studio Version 16
VisualStudioVersion = 16.0.31005.135
MinimumVisualStudioVersion = 10.0.40219.1
Project("{FAE04EC0-301F-11D3-BF4B-00C04F79EFBC}") = "MainApplication", "MainApplication\MainApplication.csproj", "{B8369A09-DFDB-4A4C-8111-4603A1D0618B}"
EndProject
Project("{FAE04EC0-301F-11D3-BF4B-00C04F79EFBC}") = "DesktopATM", "DesktopATM\DesktopATM.csproj", "{A79552DA-EB81-4FA3-A394-C1ED3F754EB2}"
EndProject
Project("{FAE04EC0-301F-11D3-BF4B-00C04F79EFBC}") = "Operation", "ClassLibrary1\Operation.csproj", "{438081A7-4CB4-4BC2-99C8-675429D89853}"
EndProject
Global
	GlobalSection(SolutionConfigurationPlatforms) = preSolution
		Debug|Any CPU = Debug|Any CPU
		Debug|x64 = Debug|x64
		Debug|x86 = Debug|x86
		Release|Any CPU = Release|Any CPU
		Release|x64 = Release|x64
		Release|x86 = Release|x86
	EndGlobalSection
	GlobalSection(ProjectConfigurationPlatforms) = postSolution
		{B8369A09-DFDB-4A4C-8111-4603A1D0618B}.Debug|Any CPU.ActiveCfg = Debug|Any CPU
		{B8369A09-DFDB-4A4C-8111-4603A1D0618B}.Debug|Any CPU.Build.0 = Debug|Any CPU
		{B8369A09-DFDB-4A4C-8111-4603A1D0618B}.Debug|x64.ActiveCfg = Debug|Any CPU
		{B8369A09-DFDB-4A4C-8111-4603A1D0618B}.Debug|x64.Build.0 = Debug|Any CPU
		{B8369A09-DFDB-4A4C-8111-4603A1D0618B}.Debug|x86.ActiveCfg = Debug|Any CPU
		{B8369A09-DFDB-4A4C-8111-4603A1D0618B}.Debug|x86.Build.0 = Debug|Any CPU
		{B8369A09-DFDB-4A4C-8111-4603A1D0618B}.Release|Any CPU.ActiveCfg = Release|Any CPU
		{B8369A09-DFDB-4A4C-8111-4603A1D0618B}.Release|Any CPU.Build.0 = Release|Any CPU
		{B8369A09-DFDB-4A4C-8111-4603A1D0618B}.Release|x64.ActiveCfg = Release|Any CPU
		{B8369A09-DFDB-4A4C-8111-4603A1D0618B}.Release|x64.Build.0 = Release|Any CPU
		{B8369A09-DFDB-4A4C-8111-4603A1D0618B}.Release|x86.ActiveCfg = Release|Any CPU
		{B8369A09-DFDB-4A4C-8111-4603A1D0618B}.Release|x86.Build.0 = Release|Any CPU
		{A79552DA-EB81-4FA3-A394-C1ED3F754EB2}.Debug|Any CPU.ActiveCfg = Debug|Any CPU
		{A79552DA-EB81-4FA3-A394-C1ED3F754EB2}.Debug|Any CPU.Build.0 = Debug|Any CPU
		{A79552DA-EB81-4FA3-A394-C1ED3F754EB2}.Debug|x64.ActiveCfg = Debug|Any CPU
		{A79552DA-EB81-4FA3-A394-C1ED3F754EB2}.Debug|x64.Build.0 = Debug|Any CPU
		{A79552DA-EB81-4FA3-A394-C1ED3F754EB2}.Debug|x86.ActiveCfg = Debug|Any CPU
		{A79552DA-EB81-4FA3-A394-C1ED3F754EB2}.Debug|x86.Build.0 = Debug|Any CPU
		{A79552DA-EB81-4FA3-A394-C1ED3F754EB2}.Release|Any CPU.ActiveCfg = Release|Any CPU
		{A79552DA-EB81-4FA3-A394-C1ED3F754EB2}.Release|Any CPU.Build.0 = Release|Any CPU
		{A79552DA-EB81-4FA3-A394-C1ED3F754EB2}.Release|x64.ActiveCfg = Release|Any CPU
		{A79552DA-EB81-4FA3-A394-C1ED3F754EB2}.Release|x64.Build.0 = Release|Any CPU
		{A79552DA-EB81-4FA3-A394-C1ED3F754EB2}.Release|x86.ActiveCfg = Release|Any CPU
		{A79552DA-EB81-4FA3-A394-C1ED3F754EB2}.Release|x86.Build.0 = Release|Any CPU
		{438081A7-4CB4-4BC2-99C8-675429D89853}.Debug|Any CPU.ActiveCfg = Debug|Any CPU
		{438081A7-4CB4-4BC2-99C8-675429D89853}.Debug|Any CPU.Build.0 = Debug|Any CPU
		{438081A7-4CB4-4BC2-99C8-675429D89853}.Debug|x64.ActiveCfg = Debug|Any CPU
		{438081A7-4CB4-4BC2-99C8-675429D89853}.Debug|x64.Build.0 = Debug|Any CPU
		{438081A7-4CB4-4BC2-99C8-675429D89853}.Debug|x86.ActiveCfg = Debug|Any CPU
		{438081A7-4CB4-4BC2-99C8-675429D89853}.Debug|x86.Build.0 = Debug|Any CPU
		{438081A7-4CB4-4BC2-99C8-675429D89853}.Release|Any CPU.ActiveCfg = Release|Any CPU
		{438081A7-4CB4-4BC2-99C8-675429D89853}.Release|Any CPU.Build.0 = Release|Any CPU
		{438081A7-4CB4-4BC2-99C8-675429D89853}.Release|x64.ActiveCfg = Release|Any CPU
		{438081A7-4CB4-4BC2-99C8-675429D89853}.Release|x64.Build.0 = Release|Any CPU
		{438081A7-4CB4-4BC2-99C8-675429D89853}.Release|x86.ActiveCfg = Release|Any CPU
		{438081A7-4CB4-4BC2-99C8-675429D89853}.Release|x86.Build.0 = Release|Any CPU
	EndGlobalSection
	GlobalSection(SolutionProperties) = preSolution
		HideSolutionNode = FALSE
	EndGlobalSection
	GlobalSection(ExtensibilityGlobals) = postSolution
		SolutionGuid = {1A1D488E-A291-4442-B1C9-05BE09BA9A75}
	EndGlobalSection
EndGlobal
